
Microsoft Visual Studio Solution File, Format Version 12.00
# Visual Studio Version 17
VisualStudioVersion = 17.2.32519.379
MinimumVisualStudioVersion = 10.0.40219.1
Project("{9A19103F-16F7-4668-BE54-9A1E7A4F7556}") = "MessageDialog", "src\MessageDialog\MessageDialog.csproj", "{49FB765B-712C-43D5-843A-EEC0402FC6A6}"
EndProject
Project("{9A19103F-16F7-4668-BE54-9A1E7A4F7556}") = "MessageDialog.Tests", "src\MessageDialog.Tests\MessageDialog.Tests.csproj", "{52FB2E2F-0387-480E-AECA-3C3E17FF4B42}"
EndProject
Project("{9A19103F-16F7-4668-BE54-9A1E7A4F7556}") = "MessageDialog.Uno", "src\MessageDialog.Uno\MessageDialog.Uno.csproj", "{58D94E26-9A4A-45AD-9F5E-2FCB9B2F0EAE}"
EndProject
Project("{D954291E-2A0B-460D-934E-DC6B0785DB48}") = "Shared", "Shared\Shared.shproj", "{3AB437C2-4F5B-4E7C-AD5C-563E03FB9A4A}"
EndProject
Project("{9A19103F-16F7-4668-BE54-9A1E7A4F7556}") = "MessageDialog.Uno.WinUI", "src\MessageDialog.Uno.WinUI\MessageDialog.Uno.WinUI.csproj", "{D20A05F5-1775-4EFB-9EBA-882B162F2BAA}"
	ProjectSection(ProjectDependencies) = postProject
		{49FB765B-712C-43D5-843A-EEC0402FC6A6} = {49FB765B-712C-43D5-843A-EEC0402FC6A6}
	EndProjectSection
EndProject
Global
	GlobalSection(SolutionConfigurationPlatforms) = preSolution
		Debug|Android = Debug|Android
		Debug|Any CPU = Debug|Any CPU
		Debug|iOS = Debug|iOS
		Debug|NuGet = Debug|NuGet
		Debug|UAP = Debug|UAP
		Release|Android = Release|Android
		Release|Any CPU = Release|Any CPU
		Release|iOS = Release|iOS
		Release|NuGet = Release|NuGet
		Release|UAP = Release|UAP
	EndGlobalSection
	GlobalSection(ProjectConfigurationPlatforms) = postSolution
		{49FB765B-712C-43D5-843A-EEC0402FC6A6}.Debug|Android.ActiveCfg = Debug|Any CPU
		{49FB765B-712C-43D5-843A-EEC0402FC6A6}.Debug|Android.Build.0 = Debug|Any CPU
		{49FB765B-712C-43D5-843A-EEC0402FC6A6}.Debug|Any CPU.ActiveCfg = Debug|Any CPU
		{49FB765B-712C-43D5-843A-EEC0402FC6A6}.Debug|Any CPU.Build.0 = Debug|Any CPU
		{49FB765B-712C-43D5-843A-EEC0402FC6A6}.Debug|iOS.ActiveCfg = Debug|Any CPU
		{49FB765B-712C-43D5-843A-EEC0402FC6A6}.Debug|iOS.Build.0 = Debug|Any CPU
		{49FB765B-712C-43D5-843A-EEC0402FC6A6}.Debug|NuGet.ActiveCfg = Debug|Any CPU
		{49FB765B-712C-43D5-843A-EEC0402FC6A6}.Debug|NuGet.Build.0 = Debug|Any CPU
		{49FB765B-712C-43D5-843A-EEC0402FC6A6}.Debug|UAP.ActiveCfg = Debug|Any CPU
		{49FB765B-712C-43D5-843A-EEC0402FC6A6}.Debug|UAP.Build.0 = Debug|Any CPU
		{49FB765B-712C-43D5-843A-EEC0402FC6A6}.Release|Android.ActiveCfg = Release|Any CPU
		{49FB765B-712C-43D5-843A-EEC0402FC6A6}.Release|Android.Build.0 = Release|Any CPU
		{49FB765B-712C-43D5-843A-EEC0402FC6A6}.Release|Any CPU.ActiveCfg = Release|Any CPU
		{49FB765B-712C-43D5-843A-EEC0402FC6A6}.Release|Any CPU.Build.0 = Release|Any CPU
		{49FB765B-712C-43D5-843A-EEC0402FC6A6}.Release|iOS.ActiveCfg = Release|Any CPU
		{49FB765B-712C-43D5-843A-EEC0402FC6A6}.Release|iOS.Build.0 = Release|Any CPU
		{49FB765B-712C-43D5-843A-EEC0402FC6A6}.Release|NuGet.ActiveCfg = Release|Any CPU
		{49FB765B-712C-43D5-843A-EEC0402FC6A6}.Release|NuGet.Build.0 = Release|Any CPU
		{49FB765B-712C-43D5-843A-EEC0402FC6A6}.Release|UAP.ActiveCfg = Release|Any CPU
		{49FB765B-712C-43D5-843A-EEC0402FC6A6}.Release|UAP.Build.0 = Release|Any CPU
		{52FB2E2F-0387-480E-AECA-3C3E17FF4B42}.Debug|Android.ActiveCfg = Debug|Any CPU
		{52FB2E2F-0387-480E-AECA-3C3E17FF4B42}.Debug|Any CPU.ActiveCfg = Debug|Any CPU
		{52FB2E2F-0387-480E-AECA-3C3E17FF4B42}.Debug|Any CPU.Build.0 = Debug|Any CPU
		{52FB2E2F-0387-480E-AECA-3C3E17FF4B42}.Debug|iOS.ActiveCfg = Debug|Any CPU
		{52FB2E2F-0387-480E-AECA-3C3E17FF4B42}.Debug|NuGet.ActiveCfg = Debug|Any CPU
		{52FB2E2F-0387-480E-AECA-3C3E17FF4B42}.Debug|NuGet.Build.0 = Debug|Any CPU
		{52FB2E2F-0387-480E-AECA-3C3E17FF4B42}.Debug|UAP.ActiveCfg = Debug|Any CPU
		{52FB2E2F-0387-480E-AECA-3C3E17FF4B42}.Release|Android.ActiveCfg = Release|Any CPU
		{52FB2E2F-0387-480E-AECA-3C3E17FF4B42}.Release|Any CPU.ActiveCfg = Release|Any CPU
		{52FB2E2F-0387-480E-AECA-3C3E17FF4B42}.Release|Any CPU.Build.0 = Release|Any CPU
		{52FB2E2F-0387-480E-AECA-3C3E17FF4B42}.Release|iOS.ActiveCfg = Release|Any CPU
		{52FB2E2F-0387-480E-AECA-3C3E17FF4B42}.Release|NuGet.ActiveCfg = Release|Any CPU
		{52FB2E2F-0387-480E-AECA-3C3E17FF4B42}.Release|NuGet.Build.0 = Release|Any CPU
		{52FB2E2F-0387-480E-AECA-3C3E17FF4B42}.Release|UAP.ActiveCfg = Release|Any CPU
		{58D94E26-9A4A-45AD-9F5E-2FCB9B2F0EAE}.Debug|Android.ActiveCfg = Debug|Any CPU
		{58D94E26-9A4A-45AD-9F5E-2FCB9B2F0EAE}.Debug|Android.Build.0 = Debug|Any CPU
		{58D94E26-9A4A-45AD-9F5E-2FCB9B2F0EAE}.Debug|Any CPU.ActiveCfg = Debug|Any CPU
		{58D94E26-9A4A-45AD-9F5E-2FCB9B2F0EAE}.Debug|Any CPU.Build.0 = Debug|Any CPU
		{58D94E26-9A4A-45AD-9F5E-2FCB9B2F0EAE}.Debug|iOS.ActiveCfg = Debug|Any CPU
		{58D94E26-9A4A-45AD-9F5E-2FCB9B2F0EAE}.Debug|iOS.Build.0 = Debug|Any CPU
		{58D94E26-9A4A-45AD-9F5E-2FCB9B2F0EAE}.Debug|NuGet.ActiveCfg = Debug|Any CPU
		{58D94E26-9A4A-45AD-9F5E-2FCB9B2F0EAE}.Debug|NuGet.Build.0 = Debug|Any CPU
		{58D94E26-9A4A-45AD-9F5E-2FCB9B2F0EAE}.Debug|UAP.ActiveCfg = Debug|Any CPU
		{58D94E26-9A4A-45AD-9F5E-2FCB9B2F0EAE}.Debug|UAP.Build.0 = Debug|Any CPU
		{58D94E26-9A4A-45AD-9F5E-2FCB9B2F0EAE}.Release|Android.ActiveCfg = Release|Any CPU
		{58D94E26-9A4A-45AD-9F5E-2FCB9B2F0EAE}.Release|Android.Build.0 = Release|Any CPU
		{58D94E26-9A4A-45AD-9F5E-2FCB9B2F0EAE}.Release|Any CPU.ActiveCfg = Release|Any CPU
		{58D94E26-9A4A-45AD-9F5E-2FCB9B2F0EAE}.Release|Any CPU.Build.0 = Release|Any CPU
		{58D94E26-9A4A-45AD-9F5E-2FCB9B2F0EAE}.Release|iOS.ActiveCfg = Release|Any CPU
		{58D94E26-9A4A-45AD-9F5E-2FCB9B2F0EAE}.Release|iOS.Build.0 = Release|Any CPU
		{58D94E26-9A4A-45AD-9F5E-2FCB9B2F0EAE}.Release|NuGet.ActiveCfg = Release|Any CPU
		{58D94E26-9A4A-45AD-9F5E-2FCB9B2F0EAE}.Release|NuGet.Build.0 = Release|Any CPU
		{58D94E26-9A4A-45AD-9F5E-2FCB9B2F0EAE}.Release|UAP.ActiveCfg = Release|Any CPU
		{58D94E26-9A4A-45AD-9F5E-2FCB9B2F0EAE}.Release|UAP.Build.0 = Release|Any CPU
		{D20A05F5-1775-4EFB-9EBA-882B162F2BAA}.Debug|Android.ActiveCfg = Debug|Any CPU
		{D20A05F5-1775-4EFB-9EBA-882B162F2BAA}.Debug|Android.Build.0 = Debug|Any CPU
		{D20A05F5-1775-4EFB-9EBA-882B162F2BAA}.Debug|Any CPU.ActiveCfg = Debug|Any CPU
		{D20A05F5-1775-4EFB-9EBA-882B162F2BAA}.Debug|Any CPU.Build.0 = Debug|Any CPU
		{D20A05F5-1775-4EFB-9EBA-882B162F2BAA}.Debug|iOS.ActiveCfg = Debug|Any CPU
		{D20A05F5-1775-4EFB-9EBA-882B162F2BAA}.Debug|iOS.Build.0 = Debug|Any CPU
		{D20A05F5-1775-4EFB-9EBA-882B162F2BAA}.Debug|NuGet.ActiveCfg = Debug|Any CPU
		{D20A05F5-1775-4EFB-9EBA-882B162F2BAA}.Debug|NuGet.Build.0 = Debug|Any CPU
		{D20A05F5-1775-4EFB-9EBA-882B162F2BAA}.Debug|UAP.ActiveCfg = Debug|Any CPU
		{D20A05F5-1775-4EFB-9EBA-882B162F2BAA}.Debug|UAP.Build.0 = Debug|Any CPU
		{D20A05F5-1775-4EFB-9EBA-882B162F2BAA}.Release|Android.ActiveCfg = Release|Any CPU
		{D20A05F5-1775-4EFB-9EBA-882B162F2BAA}.Release|Android.Build.0 = Release|Any CPU
		{D20A05F5-1775-4EFB-9EBA-882B162F2BAA}.Release|Any CPU.ActiveCfg = Release|Any CPU
		{D20A05F5-1775-4EFB-9EBA-882B162F2BAA}.Release|Any CPU.Build.0 = Release|Any CPU
		{D20A05F5-1775-4EFB-9EBA-882B162F2BAA}.Release|iOS.ActiveCfg = Release|Any CPU
		{D20A05F5-1775-4EFB-9EBA-882B162F2BAA}.Release|iOS.Build.0 = Release|Any CPU
		{D20A05F5-1775-4EFB-9EBA-882B162F2BAA}.Release|NuGet.ActiveCfg = Release|Any CPU
		{D20A05F5-1775-4EFB-9EBA-882B162F2BAA}.Release|NuGet.Build.0 = Release|Any CPU
		{D20A05F5-1775-4EFB-9EBA-882B162F2BAA}.Release|UAP.ActiveCfg = Release|Any CPU
		{D20A05F5-1775-4EFB-9EBA-882B162F2BAA}.Release|UAP.Build.0 = Release|Any CPU
	EndGlobalSection
	GlobalSection(SolutionProperties) = preSolution
		HideSolutionNode = FALSE
	EndGlobalSection
	GlobalSection(ExtensibilityGlobals) = postSolution
		SolutionGuid = {5BA7DD68-E008-4F53-8F51-83D42D3877B9}
	EndGlobalSection
	GlobalSection(SharedMSBuildProjectFiles) = preSolution
		Shared\Shared.projitems*{3ab437c2-4f5b-4e7c-ad5c-563e03fb9a4a}*SharedItemsImports = 13
		Shared\Shared.projitems*{58d94e26-9a4a-45ad-9f5e-2fcb9b2f0eae}*SharedItemsImports = 5
		Shared\Shared.projitems*{d20a05f5-1775-4efb-9eba-882b162f2baa}*SharedItemsImports = 5
	EndGlobalSection
EndGlobal
